
Microsoft Visual Studio Solution File, Format Version 12.00
# Visual Studio Version 17
VisualStudioVersion = 17.3.32901.215
MinimumVisualStudioVersion = 10.0.40219.1
Project("{9A19103F-16F7-4668-BE54-9A1E7A4F7556}") = "MarksAzureFunctionApp", "MarksAzureFunctionApp\MarksAzureFunctionApp.csproj", "{9537DAD4-9650-487D-BDCC-F06657CD89C8}"
EndProject
Project("{9A19103F-16F7-4668-BE54-9A1E7A4F7556}") = "MarksAzureTests", "MarksAzureTests\MarksAzureTests.csproj", "{05329BB9-9C44-479D-97EA-EB04FAAA4420}"
EndProject
Project("{9A19103F-16F7-4668-BE54-9A1E7A4F7556}") = "Models", "Models\Models.csproj", "{B4E75098-F402-4F50-8EE6-54A5E54DFFB6}"
EndProject
Global
	GlobalSection(SolutionConfigurationPlatforms) = preSolution
		Debug|Any CPU = Debug|Any CPU
		Release|Any CPU = Release|Any CPU
	EndGlobalSection
	GlobalSection(ProjectConfigurationPlatforms) = postSolution
		{9537DAD4-9650-487D-BDCC-F06657CD89C8}.Debug|Any CPU.ActiveCfg = Debug|Any CPU
		{9537DAD4-9650-487D-BDCC-F06657CD89C8}.Debug|Any CPU.Build.0 = Debug|Any CPU
		{9537DAD4-9650-487D-BDCC-F06657CD89C8}.Release|Any CPU.ActiveCfg = Release|Any CPU
		{9537DAD4-9650-487D-BDCC-F06657CD89C8}.Release|Any CPU.Build.0 = Release|Any CPU
		{05329BB9-9C44-479D-97EA-EB04FAAA4420}.Debug|Any CPU.ActiveCfg = Debug|Any CPU
		{05329BB9-9C44-479D-97EA-EB04FAAA4420}.Debug|Any CPU.Build.0 = Debug|Any CPU
		{05329BB9-9C44-479D-97EA-EB04FAAA4420}.Release|Any CPU.ActiveCfg = Release|Any CPU
		{05329BB9-9C44-479D-97EA-EB04FAAA4420}.Release|Any CPU.Build.0 = Release|Any CPU
		{B4E75098-F402-4F50-8EE6-54A5E54DFFB6}.Debug|Any CPU.ActiveCfg = Debug|Any CPU
		{B4E75098-F402-4F50-8EE6-54A5E54DFFB6}.Debug|Any CPU.Build.0 = Debug|Any CPU
		{B4E75098-F402-4F50-8EE6-54A5E54DFFB6}.Release|Any CPU.ActiveCfg = Release|Any CPU
		{B4E75098-F402-4F50-8EE6-54A5E54DFFB6}.Release|Any CPU.Build.0 = Release|Any CPU
	EndGlobalSection
	GlobalSection(SolutionProperties) = preSolution
		HideSolutionNode = FALSE
	EndGlobalSection
	GlobalSection(ExtensibilityGlobals) = postSolution
		SolutionGuid = {5E95C6D0-E83F-4A06-9460-05376ABD6B02}
	EndGlobalSection
EndGlobal
